
Microsoft Visual Studio Solution File, Format Version 12.00
Project("{2150E333-8FDC-42A3-9474-1A3956D46DE8}") = "Source", "Source", "{C6F1D836-813E-4442-ACF6-0A338CF2E142}"
	ProjectSection(SolutionItems) = preProject
		Source\readme.md = Source\readme.md
	EndProjectSection
EndProject
Project("{FAE04EC0-301F-11D3-BF4B-00C04F79EFBC}") = "ActivityPub.Types", "Source\ActivityPub.Types\ActivityPub.Types.csproj", "{17F78187-F53C-4D1A-91CC-B664C2A1FA8A}"
EndProject
Project("{FAE04EC0-301F-11D3-BF4B-00C04F79EFBC}") = "ActivityPub.Client", "Source\ActivityPub.Client\ActivityPub.Client.csproj", "{C78E9A73-0816-41B3-A1B0-F80104B0341B}"
EndProject
Project("{FAE04EC0-301F-11D3-BF4B-00C04F79EFBC}") = "ActivityPub.Server", "Source\ActivityPub.Server\ActivityPub.Server.csproj", "{5C4AAD83-C132-4804-A52A-9A1DFF3358D8}"
EndProject
Project("{FAE04EC0-301F-11D3-BF4B-00C04F79EFBC}") = "ActivityPub.Common", "Source\ActivityPub.Common\ActivityPub.Common.csproj", "{B101E7CB-6CA8-444F-8E27-33D65D377F02}"
EndProject
Project("{2150E333-8FDC-42A3-9474-1A3956D46DE8}") = "Test", "Test", "{C54CED61-32AF-4DF1-BB79-4BB035958584}"
	ProjectSection(SolutionItems) = preProject
		Test\readme.md = Test\readme.md
	EndProjectSection
EndProject
Project("{FAE04EC0-301F-11D3-BF4B-00C04F79EFBC}") = "ActivityPub.Types.Tests", "Test\ActivityPub.Types.Tests\ActivityPub.Types.Tests.csproj", "{D750AD19-106E-4A0E-9ADB-A64F50713082}"
EndProject
Project("{2150E333-8FDC-42A3-9474-1A3956D46DE8}") = "Example", "Example", "{B8B3D775-1A7F-4C38-B14C-F113016B51D1}"
	ProjectSection(SolutionItems) = preProject
		Example\readme.md = Example\readme.md
	EndProjectSection
EndProject
Project("{FAE04EC0-301F-11D3-BF4B-00C04F79EFBC}") = "SimpleClient", "Example\SimpleClient\SimpleClient.csproj", "{95EDC087-659C-412A-9FBD-1B959694FD3F}"
EndProject
Project("{FAE04EC0-301F-11D3-BF4B-00C04F79EFBC}") = "ActivityPub.Extension.Mastodon", "Source\ActivityPub.Extension.Mastodon\ActivityPub.Extension.Mastodon.csproj", "{017AE590-97F0-4DC6-AF57-BDEB04FE4A20}"
EndProject
Project("{FAE04EC0-301F-11D3-BF4B-00C04F79EFBC}") = "ActivityPub.Server.AspNetCore", "Source\ActivityPub.Server.AspNetCore\ActivityPub.Server.AspNetCore.csproj", "{CAEF0FE3-A1F0-41DE-80B4-A460D4659D27}"
EndProject
Global
	GlobalSection(SolutionConfigurationPlatforms) = preSolution
		Debug|Any CPU = Debug|Any CPU
		Release|Any CPU = Release|Any CPU
	EndGlobalSection
	GlobalSection(ProjectConfigurationPlatforms) = postSolution
		{5C4AAD83-C132-4804-A52A-9A1DFF3358D8}.Debug|Any CPU.ActiveCfg = Debug|Any CPU
		{5C4AAD83-C132-4804-A52A-9A1DFF3358D8}.Debug|Any CPU.Build.0 = Debug|Any CPU
		{5C4AAD83-C132-4804-A52A-9A1DFF3358D8}.Release|Any CPU.ActiveCfg = Release|Any CPU
		{5C4AAD83-C132-4804-A52A-9A1DFF3358D8}.Release|Any CPU.Build.0 = Release|Any CPU
		{C78E9A73-0816-41B3-A1B0-F80104B0341B}.Debug|Any CPU.ActiveCfg = Debug|Any CPU
		{C78E9A73-0816-41B3-A1B0-F80104B0341B}.Debug|Any CPU.Build.0 = Debug|Any CPU
		{C78E9A73-0816-41B3-A1B0-F80104B0341B}.Release|Any CPU.ActiveCfg = Release|Any CPU
		{C78E9A73-0816-41B3-A1B0-F80104B0341B}.Release|Any CPU.Build.0 = Release|Any CPU
		{17F78187-F53C-4D1A-91CC-B664C2A1FA8A}.Debug|Any CPU.ActiveCfg = Debug|Any CPU
		{17F78187-F53C-4D1A-91CC-B664C2A1FA8A}.Debug|Any CPU.Build.0 = Debug|Any CPU
		{17F78187-F53C-4D1A-91CC-B664C2A1FA8A}.Release|Any CPU.ActiveCfg = Release|Any CPU
		{17F78187-F53C-4D1A-91CC-B664C2A1FA8A}.Release|Any CPU.Build.0 = Release|Any CPU
		{D750AD19-106E-4A0E-9ADB-A64F50713082}.Debug|Any CPU.ActiveCfg = Debug|Any CPU
		{D750AD19-106E-4A0E-9ADB-A64F50713082}.Debug|Any CPU.Build.0 = Debug|Any CPU
		{D750AD19-106E-4A0E-9ADB-A64F50713082}.Release|Any CPU.ActiveCfg = Release|Any CPU
		{D750AD19-106E-4A0E-9ADB-A64F50713082}.Release|Any CPU.Build.0 = Release|Any CPU
		{95EDC087-659C-412A-9FBD-1B959694FD3F}.Debug|Any CPU.ActiveCfg = Debug|Any CPU
		{95EDC087-659C-412A-9FBD-1B959694FD3F}.Debug|Any CPU.Build.0 = Debug|Any CPU
		{95EDC087-659C-412A-9FBD-1B959694FD3F}.Release|Any CPU.ActiveCfg = Release|Any CPU
		{95EDC087-659C-412A-9FBD-1B959694FD3F}.Release|Any CPU.Build.0 = Release|Any CPU
		{B101E7CB-6CA8-444F-8E27-33D65D377F02}.Debug|Any CPU.ActiveCfg = Debug|Any CPU
		{B101E7CB-6CA8-444F-8E27-33D65D377F02}.Debug|Any CPU.Build.0 = Debug|Any CPU
		{B101E7CB-6CA8-444F-8E27-33D65D377F02}.Release|Any CPU.ActiveCfg = Release|Any CPU
		{B101E7CB-6CA8-444F-8E27-33D65D377F02}.Release|Any CPU.Build.0 = Release|Any CPU
		{017AE590-97F0-4DC6-AF57-BDEB04FE4A20}.Debug|Any CPU.ActiveCfg = Debug|Any CPU
		{017AE590-97F0-4DC6-AF57-BDEB04FE4A20}.Debug|Any CPU.Build.0 = Debug|Any CPU
		{017AE590-97F0-4DC6-AF57-BDEB04FE4A20}.Release|Any CPU.ActiveCfg = Release|Any CPU
		{017AE590-97F0-4DC6-AF57-BDEB04FE4A20}.Release|Any CPU.Build.0 = Release|Any CPU
		{CAEF0FE3-A1F0-41DE-80B4-A460D4659D27}.Debug|Any CPU.ActiveCfg = Debug|Any CPU
		{CAEF0FE3-A1F0-41DE-80B4-A460D4659D27}.Debug|Any CPU.Build.0 = Debug|Any CPU
		{CAEF0FE3-A1F0-41DE-80B4-A460D4659D27}.Release|Any CPU.ActiveCfg = Release|Any CPU
		{CAEF0FE3-A1F0-41DE-80B4-A460D4659D27}.Release|Any CPU.Build.0 = Release|Any CPU
	EndGlobalSection
	GlobalSection(NestedProjects) = preSolution
		{D750AD19-106E-4A0E-9ADB-A64F50713082} = {C54CED61-32AF-4DF1-BB79-4BB035958584}
		{95EDC087-659C-412A-9FBD-1B959694FD3F} = {B8B3D775-1A7F-4C38-B14C-F113016B51D1}
		{17F78187-F53C-4D1A-91CC-B664C2A1FA8A} = {C6F1D836-813E-4442-ACF6-0A338CF2E142}
		{C78E9A73-0816-41B3-A1B0-F80104B0341B} = {C6F1D836-813E-4442-ACF6-0A338CF2E142}
		{5C4AAD83-C132-4804-A52A-9A1DFF3358D8} = {C6F1D836-813E-4442-ACF6-0A338CF2E142}
		{B101E7CB-6CA8-444F-8E27-33D65D377F02} = {C6F1D836-813E-4442-ACF6-0A338CF2E142}
		{017AE590-97F0-4DC6-AF57-BDEB04FE4A20} = {C6F1D836-813E-4442-ACF6-0A338CF2E142}
		{CAEF0FE3-A1F0-41DE-80B4-A460D4659D27} = {C6F1D836-813E-4442-ACF6-0A338CF2E142}
	EndGlobalSection
EndGlobal
